
Microsoft Visual Studio Solution File, Format Version 12.00
# Visual Studio Version 17
VisualStudioVersion = 17.11.35208.52
MinimumVisualStudioVersion = 10.0.40219.1
Project("{9A19103F-16F7-4668-BE54-9A1E7A4F7556}") = "Domain.RentalCar", "Domain.RentalCar\Domain.RentalCar.csproj", "{9110480C-75C4-4E65-822F-1B71D933E8FB}"
EndProject
Project("{9A19103F-16F7-4668-BE54-9A1E7A4F7556}") = "Application.RentalCar", "Application.RentalCar\Application.RentalCar.csproj", "{96C064BE-A092-425B-83E6-6C64084AB735}"
EndProject
Project("{9A19103F-16F7-4668-BE54-9A1E7A4F7556}") = "Infrastructure.RentalCar", "Infrastructure.RentalCar\Infrastructure.RentalCar.csproj", "{87C8611C-DA2F-49F8-BF47-2033CCD8A53F}"
EndProject
Project("{2150E333-8FDC-42A3-9474-1A3956D46DE8}") = "RentalCar", "RentalCar", "{FD5ED787-19B5-45A0-B331-FE3F5705F34D}"
EndProject
Project("{2150E333-8FDC-42A3-9474-1A3956D46DE8}") = "Adapter", "Adapter", "{AFE3E372-EE39-4B5A-9DA4-F794DCBABBA0}"
EndProject
Project("{2150E333-8FDC-42A3-9474-1A3956D46DE8}") = "In", "In", "{7F6AE998-46A8-4418-94C5-D81BDBE8D0E2}"
EndProject
Project("{2150E333-8FDC-42A3-9474-1A3956D46DE8}") = "Out", "Out", "{DA840651-EDE5-459B-82FD-2D63A94CBFFC}"
EndProject
Project("{FAE04EC0-301F-11D3-BF4B-00C04F79EFBC}") = "RentalCarV2.Web", "RentalCarV2.Web\RentalCarV2.Web.csproj", "{F9BAC649-C5D2-4976-BEE8-9D8FE3EB6C03}"
EndProject
Project("{2150E333-8FDC-42A3-9474-1A3956D46DE8}") = "Configuration", "Configuration", "{065F486C-2B5E-4F9E-85FF-B14AAEFF6EB2}"
EndProject
Project("{FAE04EC0-301F-11D3-BF4B-00C04F79EFBC}") = "EasyArchitectV2Lab1.Configuration1", "EasyArchitectV2Lab1.Configuration1\EasyArchitectV2Lab1.Configuration1.csproj", "{E617B38D-9336-4127-BD2E-DE942997D45C}"
EndProject
Project("{FAE04EC0-301F-11D3-BF4B-00C04F79EFBC}") = "EasyArchitectV2Lab1.AuthExtensions1", "EasyArchitectV2Lab1.AuthExtensions1\EasyArchitectV2Lab1.AuthExtensions1.csproj", "{8B72E839-E974-4AA8-836A-EF1B4FAE4FE4}"
EndProject
Project("{FAE04EC0-301F-11D3-BF4B-00C04F79EFBC}") = "EasyArchitectV2Lab1.JWTMiddleware1", "EasyArchitectV2Lab1.JWTMiddleware1\EasyArchitectV2Lab1.JWTMiddleware1.csproj", "{E1A2CA30-B441-41DA-BF44-DFEE82FB8869}"
EndProject
Project("{FAE04EC0-301F-11D3-BF4B-00C04F79EFBC}") = "EasyArchitectV2Lab1.ApiControllerBase1", "EasyArchitectV2Lab1.ApiControllerBase1\EasyArchitectV2Lab1.ApiControllerBase1.csproj", "{C238494E-944E-4A27-9556-E161CC015C61}"
EndProject
Project("{FAE04EC0-301F-11D3-BF4B-00C04F79EFBC}") = "AOP.ApiControllerBase.ApiLog1", "AOP.ApiControllerBase.ApiLog1\AOP.ApiControllerBase.ApiLog1.csproj", "{295DB42B-8358-4705-9102-41C090861E62}"
EndProject
Project("{FAE04EC0-301F-11D3-BF4B-00C04F79EFBC}") = "EasyArchitectV2Lab1.AuthExtensions1.Extensions", "EasyArchitectV2Lab1.AuthExtensions1.Extensions\EasyArchitectV2Lab1.AuthExtensions1.Extensions.csproj", "{6D3EA39B-71D0-11BF-909A-9A8F47995729}"
EndProject
Global
	GlobalSection(SolutionConfigurationPlatforms) = preSolution
		Debug|Any CPU = Debug|Any CPU
		Release|Any CPU = Release|Any CPU
	EndGlobalSection
	GlobalSection(ProjectConfigurationPlatforms) = postSolution
		{9110480C-75C4-4E65-822F-1B71D933E8FB}.Debug|Any CPU.ActiveCfg = Debug|Any CPU
		{9110480C-75C4-4E65-822F-1B71D933E8FB}.Debug|Any CPU.Build.0 = Debug|Any CPU
		{9110480C-75C4-4E65-822F-1B71D933E8FB}.Release|Any CPU.ActiveCfg = Release|Any CPU
		{9110480C-75C4-4E65-822F-1B71D933E8FB}.Release|Any CPU.Build.0 = Release|Any CPU
		{96C064BE-A092-425B-83E6-6C64084AB735}.Debug|Any CPU.ActiveCfg = Debug|Any CPU
		{96C064BE-A092-425B-83E6-6C64084AB735}.Debug|Any CPU.Build.0 = Debug|Any CPU
		{96C064BE-A092-425B-83E6-6C64084AB735}.Release|Any CPU.ActiveCfg = Release|Any CPU
		{96C064BE-A092-425B-83E6-6C64084AB735}.Release|Any CPU.Build.0 = Release|Any CPU
		{87C8611C-DA2F-49F8-BF47-2033CCD8A53F}.Debug|Any CPU.ActiveCfg = Debug|Any CPU
		{87C8611C-DA2F-49F8-BF47-2033CCD8A53F}.Debug|Any CPU.Build.0 = Debug|Any CPU
		{87C8611C-DA2F-49F8-BF47-2033CCD8A53F}.Release|Any CPU.ActiveCfg = Release|Any CPU
		{87C8611C-DA2F-49F8-BF47-2033CCD8A53F}.Release|Any CPU.Build.0 = Release|Any CPU
		{F9BAC649-C5D2-4976-BEE8-9D8FE3EB6C03}.Debug|Any CPU.ActiveCfg = Debug|Any CPU
		{F9BAC649-C5D2-4976-BEE8-9D8FE3EB6C03}.Debug|Any CPU.Build.0 = Debug|Any CPU
		{F9BAC649-C5D2-4976-BEE8-9D8FE3EB6C03}.Release|Any CPU.ActiveCfg = Release|Any CPU
		{F9BAC649-C5D2-4976-BEE8-9D8FE3EB6C03}.Release|Any CPU.Build.0 = Release|Any CPU
		{E617B38D-9336-4127-BD2E-DE942997D45C}.Debug|Any CPU.ActiveCfg = Debug|Any CPU
		{E617B38D-9336-4127-BD2E-DE942997D45C}.Debug|Any CPU.Build.0 = Debug|Any CPU
		{E617B38D-9336-4127-BD2E-DE942997D45C}.Release|Any CPU.ActiveCfg = Release|Any CPU
		{E617B38D-9336-4127-BD2E-DE942997D45C}.Release|Any CPU.Build.0 = Release|Any CPU
		{8B72E839-E974-4AA8-836A-EF1B4FAE4FE4}.Debug|Any CPU.ActiveCfg = Debug|Any CPU
		{8B72E839-E974-4AA8-836A-EF1B4FAE4FE4}.Debug|Any CPU.Build.0 = Debug|Any CPU
		{8B72E839-E974-4AA8-836A-EF1B4FAE4FE4}.Release|Any CPU.ActiveCfg = Release|Any CPU
		{8B72E839-E974-4AA8-836A-EF1B4FAE4FE4}.Release|Any CPU.Build.0 = Release|Any CPU
		{E1A2CA30-B441-41DA-BF44-DFEE82FB8869}.Debug|Any CPU.ActiveCfg = Debug|Any CPU
		{E1A2CA30-B441-41DA-BF44-DFEE82FB8869}.Debug|Any CPU.Build.0 = Debug|Any CPU
		{E1A2CA30-B441-41DA-BF44-DFEE82FB8869}.Release|Any CPU.ActiveCfg = Release|Any CPU
		{E1A2CA30-B441-41DA-BF44-DFEE82FB8869}.Release|Any CPU.Build.0 = Release|Any CPU
		{C238494E-944E-4A27-9556-E161CC015C61}.Debug|Any CPU.ActiveCfg = Debug|Any CPU
		{C238494E-944E-4A27-9556-E161CC015C61}.Debug|Any CPU.Build.0 = Debug|Any CPU
		{C238494E-944E-4A27-9556-E161CC015C61}.Release|Any CPU.ActiveCfg = Release|Any CPU
		{C238494E-944E-4A27-9556-E161CC015C61}.Release|Any CPU.Build.0 = Release|Any CPU
		{295DB42B-8358-4705-9102-41C090861E62}.Debug|Any CPU.ActiveCfg = Debug|Any CPU
		{295DB42B-8358-4705-9102-41C090861E62}.Debug|Any CPU.Build.0 = Debug|Any CPU
		{295DB42B-8358-4705-9102-41C090861E62}.Release|Any CPU.ActiveCfg = Release|Any CPU
		{295DB42B-8358-4705-9102-41C090861E62}.Release|Any CPU.Build.0 = Release|Any CPU
		{6D3EA39B-71D0-11BF-909A-9A8F47995729}.Debug|Any CPU.ActiveCfg = Debug|Any CPU
		{6D3EA39B-71D0-11BF-909A-9A8F47995729}.Debug|Any CPU.Build.0 = Debug|Any CPU
		{6D3EA39B-71D0-11BF-909A-9A8F47995729}.Release|Any CPU.ActiveCfg = Release|Any CPU
		{6D3EA39B-71D0-11BF-909A-9A8F47995729}.Release|Any CPU.Build.0 = Release|Any CPU
	EndGlobalSection
	GlobalSection(SolutionProperties) = preSolution
		HideSolutionNode = FALSE
	EndGlobalSection
	GlobalSection(NestedProjects) = preSolution
		{9110480C-75C4-4E65-822F-1B71D933E8FB} = {AFE3E372-EE39-4B5A-9DA4-F794DCBABBA0}
		{96C064BE-A092-425B-83E6-6C64084AB735} = {AFE3E372-EE39-4B5A-9DA4-F794DCBABBA0}
		{87C8611C-DA2F-49F8-BF47-2033CCD8A53F} = {DA840651-EDE5-459B-82FD-2D63A94CBFFC}
		{AFE3E372-EE39-4B5A-9DA4-F794DCBABBA0} = {FD5ED787-19B5-45A0-B331-FE3F5705F34D}
		{7F6AE998-46A8-4418-94C5-D81BDBE8D0E2} = {AFE3E372-EE39-4B5A-9DA4-F794DCBABBA0}
		{DA840651-EDE5-459B-82FD-2D63A94CBFFC} = {AFE3E372-EE39-4B5A-9DA4-F794DCBABBA0}
		{F9BAC649-C5D2-4976-BEE8-9D8FE3EB6C03} = {7F6AE998-46A8-4418-94C5-D81BDBE8D0E2}
		{E617B38D-9336-4127-BD2E-DE942997D45C} = {065F486C-2B5E-4F9E-85FF-B14AAEFF6EB2}
		{8B72E839-E974-4AA8-836A-EF1B4FAE4FE4} = {065F486C-2B5E-4F9E-85FF-B14AAEFF6EB2}
		{E1A2CA30-B441-41DA-BF44-DFEE82FB8869} = {065F486C-2B5E-4F9E-85FF-B14AAEFF6EB2}
		{C238494E-944E-4A27-9556-E161CC015C61} = {065F486C-2B5E-4F9E-85FF-B14AAEFF6EB2}
		{295DB42B-8358-4705-9102-41C090861E62} = {065F486C-2B5E-4F9E-85FF-B14AAEFF6EB2}
		{6D3EA39B-71D0-11BF-909A-9A8F47995729} = {065F486C-2B5E-4F9E-85FF-B14AAEFF6EB2}
	EndGlobalSection
	GlobalSection(ExtensibilityGlobals) = postSolution
		SolutionGuid = {A6FEC612-EC0A-4CD8-B632-E568712F2943}
	EndGlobalSection
EndGlobal
